
Microsoft Visual Studio Solution File, Format Version 12.00
# Visual Studio Version 17
VisualStudioVersion = 17.3.32825.248
MinimumVisualStudioVersion = 10.0.40219.1
Project("{FAE04EC0-301F-11D3-BF4B-00C04F79EFBC}") = "CatelogWebAppliction", "CatelogWebAppliction\CatelogWebAppliction.csproj", "{50798641-F307-4B8A-B27E-8320B21916A3}"
EndProject
Global
	GlobalSection(SolutionConfigurationPlatforms) = preSolution
		Debug|Any CPU = Debug|Any CPU
		Release|Any CPU = Release|Any CPU
	EndGlobalSection
	GlobalSection(ProjectConfigurationPlatforms) = postSolution
		{50798641-F307-4B8A-B27E-8320B21916A3}.Debug|Any CPU.ActiveCfg = Debug|Any CPU
		{50798641-F307-4B8A-B27E-8320B21916A3}.Debug|Any CPU.Build.0 = Debug|Any CPU
		{50798641-F307-4B8A-B27E-8320B21916A3}.Release|Any CPU.ActiveCfg = Release|Any CPU
		{50798641-F307-4B8A-B27E-8320B21916A3}.Release|Any CPU.Build.0 = Release|Any CPU
	EndGlobalSection
	GlobalSection(SolutionProperties) = preSolution
		HideSolutionNode = FALSE
	EndGlobalSection
	GlobalSection(ExtensibilityGlobals) = postSolution
		SolutionGuid = {35DA7E96-FBEC-4944-B50E-EEFC2D126887}
	EndGlobalSection
EndGlobal
